
Microsoft Visual Studio Solution File, Format Version 12.00
# Visual Studio 2013
VisualStudioVersion = 12.0.30723.0
MinimumVisualStudioVersion = 10.0.40219.1
Project("{FAE04EC0-301F-11D3-BF4B-00C04F79EFBC}") = "PersonalBlog", "PersonalBlog\PersonalBlog.csproj", "{AD15795D-AA35-4F71-8292-57B59C5A925C}"
EndProject
Project("{FAE04EC0-301F-11D3-BF4B-00C04F79EFBC}") = "PersonalBlog.Tests", "PersonalBlog.Tests\PersonalBlog.Tests.csproj", "{F5098B8C-1DF0-485C-BB43-6D918FCFD77F}"
EndProject
Project("{FAE04EC0-301F-11D3-BF4B-00C04F79EFBC}") = "DataModel", "DataModel\DataModel.csproj", "{FD96F729-3508-466D-AE0D-88AB18B981E7}"
EndProject
Global
	GlobalSection(SolutionConfigurationPlatforms) = preSolution
		Debug|Any CPU = Debug|Any CPU
		Release|Any CPU = Release|Any CPU
	EndGlobalSection
	GlobalSection(ProjectConfigurationPlatforms) = postSolution
		{AD15795D-AA35-4F71-8292-57B59C5A925C}.Debug|Any CPU.ActiveCfg = Debug|Any CPU
		{AD15795D-AA35-4F71-8292-57B59C5A925C}.Debug|Any CPU.Build.0 = Debug|Any CPU
		{AD15795D-AA35-4F71-8292-57B59C5A925C}.Release|Any CPU.ActiveCfg = Release|Any CPU
		{AD15795D-AA35-4F71-8292-57B59C5A925C}.Release|Any CPU.Build.0 = Release|Any CPU
		{F5098B8C-1DF0-485C-BB43-6D918FCFD77F}.Debug|Any CPU.ActiveCfg = Debug|Any CPU
		{F5098B8C-1DF0-485C-BB43-6D918FCFD77F}.Debug|Any CPU.Build.0 = Debug|Any CPU
		{F5098B8C-1DF0-485C-BB43-6D918FCFD77F}.Release|Any CPU.ActiveCfg = Release|Any CPU
		{F5098B8C-1DF0-485C-BB43-6D918FCFD77F}.Release|Any CPU.Build.0 = Release|Any CPU
		{FD96F729-3508-466D-AE0D-88AB18B981E7}.Debug|Any CPU.ActiveCfg = Debug|Any CPU
		{FD96F729-3508-466D-AE0D-88AB18B981E7}.Debug|Any CPU.Build.0 = Debug|Any CPU
		{FD96F729-3508-466D-AE0D-88AB18B981E7}.Release|Any CPU.ActiveCfg = Release|Any CPU
		{FD96F729-3508-466D-AE0D-88AB18B981E7}.Release|Any CPU.Build.0 = Release|Any CPU
	EndGlobalSection
	GlobalSection(SolutionProperties) = preSolution
		HideSolutionNode = FALSE
	EndGlobalSection
EndGlobal
